
Microsoft Visual Studio Solution File, Format Version 12.00
# Visual Studio Version 17
VisualStudioVersion = 17.7.34003.232
MinimumVisualStudioVersion = 10.0.40219.1
Project("{FAE04EC0-301F-11D3-BF4B-00C04F79EFBC}") = "Wax.Domain", "Wax.Domain\Wax.Domain.csproj", "{5DE1021C-A79A-4E6B-954E-632C88FA2120}"
EndProject
Global
	GlobalSection(SolutionConfigurationPlatforms) = preSolution
		Debug|Any CPU = Debug|Any CPU
		Release|Any CPU = Release|Any CPU
	EndGlobalSection
	GlobalSection(ProjectConfigurationPlatforms) = postSolution
		{5DE1021C-A79A-4E6B-954E-632C88FA2120}.Debug|Any CPU.ActiveCfg = Debug|Any CPU
		{5DE1021C-A79A-4E6B-954E-632C88FA2120}.Debug|Any CPU.Build.0 = Debug|Any CPU
		{5DE1021C-A79A-4E6B-954E-632C88FA2120}.Release|Any CPU.ActiveCfg = Release|Any CPU
		{5DE1021C-A79A-4E6B-954E-632C88FA2120}.Release|Any CPU.Build.0 = Release|Any CPU
	EndGlobalSection
	GlobalSection(SolutionProperties) = preSolution
		HideSolutionNode = FALSE
	EndGlobalSection
	GlobalSection(ExtensibilityGlobals) = postSolution
		SolutionGuid = {F45287D8-E397-47EF-A101-AD3ECC4AD4AA}
	EndGlobalSection
EndGlobal
